
Microsoft Visual Studio Solution File, Format Version 12.00
# Visual Studio Version 17
VisualStudioVersion = 17.3.32922.545
MinimumVisualStudioVersion = 10.0.40219.1
Project("{2150E333-8FDC-42A3-9474-1A3956D46DE8}") = "Core", "Core", "{30E56CB0-CCD3-4115-B598-58C6282E3917}"
EndProject
Project("{2150E333-8FDC-42A3-9474-1A3956D46DE8}") = "Presentation", "Presentation", "{EEEB2FA3-DBCA-4EDA-BA09-4378BF79A956}"
EndProject
Project("{2150E333-8FDC-42A3-9474-1A3956D46DE8}") = "Infrastructure", "Infrastructure", "{883D0636-EC51-481D-B8C1-3D4056D543EB}"
EndProject
Project("{9A19103F-16F7-4668-BE54-9A1E7A4F7556}") = "PasswordManager.Api", "PasswordManager.Api\PasswordManager.Api.csproj", "{9FE25158-5CA4-4D34-BFC5-D4FD3DB5C693}"
EndProject
Project("{9A19103F-16F7-4668-BE54-9A1E7A4F7556}") = "PasswordManager.DataAccess.Mongo", "PasswordManager.DataAccess.Mongo\PasswordManager.DataAccess.Mongo.csproj", "{888F4DA3-D34A-41D7-BD9A-B4DD0DCBC847}"
EndProject
Project("{9A19103F-16F7-4668-BE54-9A1E7A4F7556}") = "PasswordManager.Application", "PasswordManager.Application\PasswordManager.Application.csproj", "{E82D38F0-441A-4BE1-8383-E5385BA64CEA}"
EndProject
Project("{9A19103F-16F7-4668-BE54-9A1E7A4F7556}") = "PasswordManager.Domain", "PasswordManager.Domain\PasswordManager.Domain.csproj", "{DAD24808-52EF-4B53-9A0E-731AD6CC42A6}"
EndProject
Project("{9A19103F-16F7-4668-BE54-9A1E7A4F7556}") = "PasswordManager.Infrastructure", "PasswordManager.Infrastructure\PasswordManager.Infrastructure.csproj", "{235E771E-DB85-4073-8CAB-C0945D88F48E}"
EndProject
Project("{9A19103F-16F7-4668-BE54-9A1E7A4F7556}") = "PasswordManager.Portal", "PasswordManager.Portal\PasswordManager.Portal.csproj", "{8A874C59-7AFF-491E-A3A9-F2DD81AC20C6}"
EndProject
Project("{FAE04EC0-301F-11D3-BF4B-00C04F79EFBC}") = "PasswordManager.DataAccess", "PasswordManager.DataAccess\PasswordManager.DataAccess.csproj", "{95EED58B-5012-4F98-B5B6-2696F7B155E3}"
EndProject
Global
	GlobalSection(SolutionConfigurationPlatforms) = preSolution
		Debug|Any CPU = Debug|Any CPU
		Release|Any CPU = Release|Any CPU
	EndGlobalSection
	GlobalSection(ProjectConfigurationPlatforms) = postSolution
		{9FE25158-5CA4-4D34-BFC5-D4FD3DB5C693}.Debug|Any CPU.ActiveCfg = Debug|Any CPU
		{9FE25158-5CA4-4D34-BFC5-D4FD3DB5C693}.Debug|Any CPU.Build.0 = Debug|Any CPU
		{9FE25158-5CA4-4D34-BFC5-D4FD3DB5C693}.Release|Any CPU.ActiveCfg = Release|Any CPU
		{9FE25158-5CA4-4D34-BFC5-D4FD3DB5C693}.Release|Any CPU.Build.0 = Release|Any CPU
		{888F4DA3-D34A-41D7-BD9A-B4DD0DCBC847}.Debug|Any CPU.ActiveCfg = Debug|Any CPU
		{888F4DA3-D34A-41D7-BD9A-B4DD0DCBC847}.Debug|Any CPU.Build.0 = Debug|Any CPU
		{888F4DA3-D34A-41D7-BD9A-B4DD0DCBC847}.Release|Any CPU.ActiveCfg = Release|Any CPU
		{888F4DA3-D34A-41D7-BD9A-B4DD0DCBC847}.Release|Any CPU.Build.0 = Release|Any CPU
		{E82D38F0-441A-4BE1-8383-E5385BA64CEA}.Debug|Any CPU.ActiveCfg = Debug|Any CPU
		{E82D38F0-441A-4BE1-8383-E5385BA64CEA}.Debug|Any CPU.Build.0 = Debug|Any CPU
		{E82D38F0-441A-4BE1-8383-E5385BA64CEA}.Release|Any CPU.ActiveCfg = Release|Any CPU
		{E82D38F0-441A-4BE1-8383-E5385BA64CEA}.Release|Any CPU.Build.0 = Release|Any CPU
		{DAD24808-52EF-4B53-9A0E-731AD6CC42A6}.Debug|Any CPU.ActiveCfg = Debug|Any CPU
		{DAD24808-52EF-4B53-9A0E-731AD6CC42A6}.Debug|Any CPU.Build.0 = Debug|Any CPU
		{DAD24808-52EF-4B53-9A0E-731AD6CC42A6}.Release|Any CPU.ActiveCfg = Release|Any CPU
		{DAD24808-52EF-4B53-9A0E-731AD6CC42A6}.Release|Any CPU.Build.0 = Release|Any CPU
		{235E771E-DB85-4073-8CAB-C0945D88F48E}.Debug|Any CPU.ActiveCfg = Debug|Any CPU
		{235E771E-DB85-4073-8CAB-C0945D88F48E}.Debug|Any CPU.Build.0 = Debug|Any CPU
		{235E771E-DB85-4073-8CAB-C0945D88F48E}.Release|Any CPU.ActiveCfg = Release|Any CPU
		{235E771E-DB85-4073-8CAB-C0945D88F48E}.Release|Any CPU.Build.0 = Release|Any CPU
		{8A874C59-7AFF-491E-A3A9-F2DD81AC20C6}.Debug|Any CPU.ActiveCfg = Debug|Any CPU
		{8A874C59-7AFF-491E-A3A9-F2DD81AC20C6}.Debug|Any CPU.Build.0 = Debug|Any CPU
		{8A874C59-7AFF-491E-A3A9-F2DD81AC20C6}.Release|Any CPU.ActiveCfg = Release|Any CPU
		{8A874C59-7AFF-491E-A3A9-F2DD81AC20C6}.Release|Any CPU.Build.0 = Release|Any CPU
		{95EED58B-5012-4F98-B5B6-2696F7B155E3}.Debug|Any CPU.ActiveCfg = Debug|Any CPU
		{95EED58B-5012-4F98-B5B6-2696F7B155E3}.Debug|Any CPU.Build.0 = Debug|Any CPU
		{95EED58B-5012-4F98-B5B6-2696F7B155E3}.Release|Any CPU.ActiveCfg = Release|Any CPU
		{95EED58B-5012-4F98-B5B6-2696F7B155E3}.Release|Any CPU.Build.0 = Release|Any CPU
	EndGlobalSection
	GlobalSection(SolutionProperties) = preSolution
		HideSolutionNode = FALSE
	EndGlobalSection
	GlobalSection(NestedProjects) = preSolution
		{9FE25158-5CA4-4D34-BFC5-D4FD3DB5C693} = {EEEB2FA3-DBCA-4EDA-BA09-4378BF79A956}
		{888F4DA3-D34A-41D7-BD9A-B4DD0DCBC847} = {883D0636-EC51-481D-B8C1-3D4056D543EB}
		{E82D38F0-441A-4BE1-8383-E5385BA64CEA} = {30E56CB0-CCD3-4115-B598-58C6282E3917}
		{DAD24808-52EF-4B53-9A0E-731AD6CC42A6} = {30E56CB0-CCD3-4115-B598-58C6282E3917}
		{235E771E-DB85-4073-8CAB-C0945D88F48E} = {883D0636-EC51-481D-B8C1-3D4056D543EB}
		{8A874C59-7AFF-491E-A3A9-F2DD81AC20C6} = {EEEB2FA3-DBCA-4EDA-BA09-4378BF79A956}
		{95EED58B-5012-4F98-B5B6-2696F7B155E3} = {883D0636-EC51-481D-B8C1-3D4056D543EB}
	EndGlobalSection
	GlobalSection(ExtensibilityGlobals) = postSolution
		SolutionGuid = {7DE70539-0E1A-4C4A-B52B-B9C7ED9CA8A5}
	EndGlobalSection
EndGlobal
